// !$*UTF8*$!
{
	archiveVersion = 1;
	classes = {
	};
	objectVersion = 77;
	objects = {

/* Begin PBXBuildFile section */
		0A1A568F27E528CB7966D8E6 /* OfflinePlantIDApp.swift in Sources */ = {isa = PBXBuildFile; fileRef = 2C25DD27806CC95E1CCCE1E6 /* OfflinePlantIDApp.swift */; };
		3A470687091B4316C48EFFD9 /* Pods_Offline_PlantID.framework in Frameworks */ = {isa = PBXBuildFile; fileRef = AA7209EBAA7F9D6B1B57B8B0 /* Pods_Offline_PlantID.framework */; };
		482D8B3AC65C033A9B4FAF35 /* inat_plant.tflite in Resources */ = {isa = PBXBuildFile; fileRef = 0FA9F0245B5500F2D51AA6F5 /* inat_plant.tflite */; };
		6484ED79E5DEAF85A5915269 /* PhotoPicker.swift in Sources */ = {isa = PBXBuildFile; fileRef = D7DC4E3A41643ABDD4B0A118 /* PhotoPicker.swift */; };
		695C333B7B02E31EF7EE07C6 /* aiy_plants_V1_labelmap.csv in Resources */ = {isa = PBXBuildFile; fileRef = FC163BFE2A0544E65AC45D2B /* aiy_plants_V1_labelmap.csv */; };
		6A43F8D96DAFB1C3F02922DE /* ContentView.swift in Sources */ = {isa = PBXBuildFile; fileRef = DC6F8CAD5ADB342816C49174 /* ContentView.swift */; };
		74761573AC0ED76766A5E7A9 /* ModelDataHandler.swift in Sources */ = {isa = PBXBuildFile; fileRef = 85EA074EBA805670760AFDC4 /* ModelDataHandler.swift */; };
		90DAB26D79F8DAAD6930AEA9 /* Assets.xcassets in Resources */ = {isa = PBXBuildFile; fileRef = 018E56867266E35CF2F231AE /* Assets.xcassets */; };
		B34B79F148B8D67445E9A37F /* ImagePreprocessor.swift in Sources */ = {isa = PBXBuildFile; fileRef = 637A37D535FE8E2EC8DE3D1F /* ImagePreprocessor.swift */; };
		C355D13D0B2F450A02FF5EFE /* LaunchScreen.storyboard in Resources */ = {isa = PBXBuildFile; fileRef = 0A920382B929926417AC6152 /* LaunchScreen.storyboard */; };
		DB4FC7328ADBC0AB90AD4400 /* aiy_plants_common_names.json in Resources */ = {isa = PBXBuildFile; fileRef = 924E5A85751AEFDA41DB4972 /* aiy_plants_common_names.json */; };
/* End PBXBuildFile section */

/* Begin PBXFileReference section */
		018E56867266E35CF2F231AE /* Assets.xcassets */ = {isa = PBXFileReference; lastKnownFileType = folder.assetcatalog; path = Assets.xcassets; sourceTree = "<group>"; };
		0A920382B929926417AC6152 /* LaunchScreen.storyboard */ = {isa = PBXFileReference; lastKnownFileType = file.storyboard; path = LaunchScreen.storyboard; sourceTree = "<group>"; };
		0FA9F0245B5500F2D51AA6F5 /* inat_plant.tflite */ = {isa = PBXFileReference; path = inat_plant.tflite; sourceTree = "<group>"; };
		21F3BCA03151C3CF86FAF44E /* Offline PlantID.app */ = {isa = PBXFileReference; includeInIndex = 0; lastKnownFileType = wrapper.application; path = "Offline PlantID.app"; sourceTree = BUILT_PRODUCTS_DIR; };
		2C25DD27806CC95E1CCCE1E6 /* OfflinePlantIDApp.swift */ = {isa = PBXFileReference; lastKnownFileType = sourcecode.swift; path = OfflinePlantIDApp.swift; sourceTree = "<group>"; };
		4A401108D01015D7D4F1BF85 /* Pods-Offline PlantID.release.xcconfig */ = {isa = PBXFileReference; includeInIndex = 1; lastKnownFileType = text.xcconfig; name = "Pods-Offline PlantID.release.xcconfig"; path = "Target Support Files/Pods-Offline PlantID/Pods-Offline PlantID.release.xcconfig"; sourceTree = "<group>"; };
		637A37D535FE8E2EC8DE3D1F /* ImagePreprocessor.swift */ = {isa = PBXFileReference; lastKnownFileType = sourcecode.swift; path = ImagePreprocessor.swift; sourceTree = "<group>"; };
		85EA074EBA805670760AFDC4 /* ModelDataHandler.swift */ = {isa = PBXFileReference; lastKnownFileType = sourcecode.swift; path = ModelDataHandler.swift; sourceTree = "<group>"; };
		924E5A85751AEFDA41DB4972 /* aiy_plants_common_names.json */ = {isa = PBXFileReference; lastKnownFileType = text.json; path = aiy_plants_common_names.json; sourceTree = "<group>"; };
		AA7209EBAA7F9D6B1B57B8B0 /* Pods_Offline_PlantID.framework */ = {isa = PBXFileReference; explicitFileType = wrapper.framework; includeInIndex = 0; path = Pods_Offline_PlantID.framework; sourceTree = BUILT_PRODUCTS_DIR; };
		D7DC4E3A41643ABDD4B0A118 /* PhotoPicker.swift */ = {isa = PBXFileReference; lastKnownFileType = sourcecode.swift; path = PhotoPicker.swift; sourceTree = "<group>"; };
		D84C8AB3EBE5B24931B4253C /* Pods-Offline PlantID.debug.xcconfig */ = {isa = PBXFileReference; includeInIndex = 1; lastKnownFileType = text.xcconfig; name = "Pods-Offline PlantID.debug.xcconfig"; path = "Target Support Files/Pods-Offline PlantID/Pods-Offline PlantID.debug.xcconfig"; sourceTree = "<group>"; };
		DC6F8CAD5ADB342816C49174 /* ContentView.swift */ = {isa = PBXFileReference; lastKnownFileType = sourcecode.swift; path = ContentView.swift; sourceTree = "<group>"; };
		FC163BFE2A0544E65AC45D2B /* aiy_plants_V1_labelmap.csv */ = {isa = PBXFileReference; path = aiy_plants_V1_labelmap.csv; sourceTree = "<group>"; };
/* End PBXFileReference section */

/* Begin PBXFrameworksBuildPhase section */
		C2AB78819CD7A22428358BBC /* Frameworks */ = {
			isa = PBXFrameworksBuildPhase;
			buildActionMask = 2147483647;
			files = (
				3A470687091B4316C48EFFD9 /* Pods_Offline_PlantID.framework in Frameworks */,
			);
			runOnlyForDeploymentPostprocessing = 0;
		};
/* End PBXFrameworksBuildPhase section */

/* Begin PBXGroup section */
		1867BC4356CF16637FB12741 /* Pods */ = {
			isa = PBXGroup;
			children = (
				D84C8AB3EBE5B24931B4253C /* Pods-Offline PlantID.debug.xcconfig */,
				4A401108D01015D7D4F1BF85 /* Pods-Offline PlantID.release.xcconfig */,
			);
			name = Pods;
			path = Pods;
			sourceTree = "<group>";
		};
		5E1277EA8ABCB36AA7707009 /* Sources */ = {
			isa = PBXGroup;
			children = (
				DC6F8CAD5ADB342816C49174 /* ContentView.swift */,
				637A37D535FE8E2EC8DE3D1F /* ImagePreprocessor.swift */,
				85EA074EBA805670760AFDC4 /* ModelDataHandler.swift */,
				2C25DD27806CC95E1CCCE1E6 /* OfflinePlantIDApp.swift */,
				D7DC4E3A41643ABDD4B0A118 /* PhotoPicker.swift */,
			);
			path = Sources;
			sourceTree = "<group>";
		};
		6915D4CE600BD42F09009172 /* inat_models */ = {
			isa = PBXGroup;
			children = (
				924E5A85751AEFDA41DB4972 /* aiy_plants_common_names.json */,
				FC163BFE2A0544E65AC45D2B /* aiy_plants_V1_labelmap.csv */,
				0FA9F0245B5500F2D51AA6F5 /* inat_plant.tflite */,
			);
			path = inat_models;
			sourceTree = "<group>";
		};
		71224CD7697FD962FBB873C6 /* Products */ = {
			isa = PBXGroup;
			children = (
				21F3BCA03151C3CF86FAF44E /* Offline PlantID.app */,
			);
			name = Products;
			sourceTree = "<group>";
		};
		C048187B38C01789D5A344D1 /* Resources */ = {
			isa = PBXGroup;
			children = (
				018E56867266E35CF2F231AE /* Assets.xcassets */,
				0A920382B929926417AC6152 /* LaunchScreen.storyboard */,
			);
			path = Resources;
			sourceTree = "<group>";
		};
		E51F2685BF75A77D96754A9B /* Frameworks */ = {
			isa = PBXGroup;
			children = (
				AA7209EBAA7F9D6B1B57B8B0 /* Pods_Offline_PlantID.framework */,
			);
			name = Frameworks;
			sourceTree = "<group>";
		};
		F4B7B489B8C7CA1E1A2A8F97 = {
			isa = PBXGroup;
			children = (
				6915D4CE600BD42F09009172 /* inat_models */,
				C048187B38C01789D5A344D1 /* Resources */,
				5E1277EA8ABCB36AA7707009 /* Sources */,
				71224CD7697FD962FBB873C6 /* Products */,
				1867BC4356CF16637FB12741 /* Pods */,
				E51F2685BF75A77D96754A9B /* Frameworks */,
			);
			sourceTree = "<group>";
		};
/* End PBXGroup section */

/* Begin PBXNativeTarget section */
		D0650FE822E0FCA2F43E78C2 /* Offline PlantID */ = {
			isa = PBXNativeTarget;
			buildConfigurationList = F8309C33EDBC2E8B26C407F4 /* Build configuration list for PBXNativeTarget "Offline PlantID" */;
			buildPhases = (
				7E3B468EA611516BDFAF9D12 /* [CP] Check Pods Manifest.lock */,
				5F97A61EE8D4E6A36A099F48 /* Sources */,
				E41A6DEEC97320EC60CCBB27 /* Resources */,
				C2AB78819CD7A22428358BBC /* Frameworks */,
				4F4112A6AA983E5FA6C710D1 /* [CP] Copy Pods Resources */,
			);
			buildRules = (
			);
			dependencies = (
			);
			name = "Offline PlantID";
			productName = "Offline PlantID";
			productReference = 21F3BCA03151C3CF86FAF44E /* Offline PlantID.app */;
			productType = "com.apple.product-type.application";
		};
/* End PBXNativeTarget section */

/* Begin PBXProject section */
		8A08D71BFE876E9A8E26EE8A /* Project object */ = {
			isa = PBXProject;
			attributes = {
				BuildIndependentTargetsInParallel = YES;
				LastUpgradeCheck = 1430;
			};
			buildConfigurationList = 0396EC2C1E767F518882B644 /* Build configuration list for PBXProject "Offline PlantID" */;
			compatibilityVersion = "Xcode 14.0";
			developmentRegion = en;
			hasScannedForEncodings = 0;
			knownRegions = (
				Base,
				en,
			);
			mainGroup = F4B7B489B8C7CA1E1A2A8F97;
			minimizedProjectReferenceProxies = 1;
			preferredProjectObjectVersion = 77;
			productRefGroup = 71224CD7697FD962FBB873C6 /* Products */;
			projectDirPath = "";
			projectRoot = "";
			targets = (
				D0650FE822E0FCA2F43E78C2 /* Offline PlantID */,
			);
		};
/* End PBXProject section */

/* Begin PBXResourcesBuildPhase section */
		E41A6DEEC97320EC60CCBB27 /* Resources */ = {
			isa = PBXResourcesBuildPhase;
			buildActionMask = 2147483647;
			files = (
				90DAB26D79F8DAAD6930AEA9 /* Assets.xcassets in Resources */,
				C355D13D0B2F450A02FF5EFE /* LaunchScreen.storyboard in Resources */,
				695C333B7B02E31EF7EE07C6 /* aiy_plants_V1_labelmap.csv in Resources */,
				DB4FC7328ADBC0AB90AD4400 /* aiy_plants_common_names.json in Resources */,
				482D8B3AC65C033A9B4FAF35 /* inat_plant.tflite in Resources */,
			);
			runOnlyForDeploymentPostprocessing = 0;
		};
/* End PBXResourcesBuildPhase section */

/* Begin PBXShellScriptBuildPhase section */
		4F4112A6AA983E5FA6C710D1 /* [CP] Copy Pods Resources */ = {
			isa = PBXShellScriptBuildPhase;
			buildActionMask = 2147483647;
			files = (
			);
			inputFileListPaths = (
				"${PODS_ROOT}/Target Support Files/Pods-Offline PlantID/Pods-Offline PlantID-resources-${CONFIGURATION}-input-files.xcfilelist",
			);
			name = "[CP] Copy Pods Resources";
			outputFileListPaths = (
				"${PODS_ROOT}/Target Support Files/Pods-Offline PlantID/Pods-Offline PlantID-resources-${CONFIGURATION}-output-files.xcfilelist",
			);
			runOnlyForDeploymentPostprocessing = 0;
			shellPath = /bin/sh;
			shellScript = "\"${PODS_ROOT}/Target Support Files/Pods-Offline PlantID/Pods-Offline PlantID-resources.sh\"\n";
			showEnvVarsInLog = 0;
		};
		7E3B468EA611516BDFAF9D12 /* [CP] Check Pods Manifest.lock */ = {
			isa = PBXShellScriptBuildPhase;
			buildActionMask = 2147483647;
			files = (
			);
			inputFileListPaths = (
			);
			inputPaths = (
				"${PODS_PODFILE_DIR_PATH}/Podfile.lock",
				"${PODS_ROOT}/Manifest.lock",
			);
			name = "[CP] Check Pods Manifest.lock";
			outputFileListPaths = (
			);
			outputPaths = (
				"$(DERIVED_FILE_DIR)/Pods-Offline PlantID-checkManifestLockResult.txt",
			);
			runOnlyForDeploymentPostprocessing = 0;
			shellPath = /bin/sh;
			shellScript = "diff \"${PODS_PODFILE_DIR_PATH}/Podfile.lock\" \"${PODS_ROOT}/Manifest.lock\" > /dev/null\nif [ $? != 0 ] ; then\n    # print error to STDERR\n    echo \"error: The sandbox is not in sync with the Podfile.lock. Run 'pod install' or update your CocoaPods installation.\" >&2\n    exit 1\nfi\n# This output is used by Xcode 'outputs' to avoid re-running this script phase.\necho \"SUCCESS\" > \"${SCRIPT_OUTPUT_FILE_0}\"\n";
			showEnvVarsInLog = 0;
		};
/* End PBXShellScriptBuildPhase section */

/* Begin PBXSourcesBuildPhase section */
		5F97A61EE8D4E6A36A099F48 /* Sources */ = {
			isa = PBXSourcesBuildPhase;
			buildActionMask = 2147483647;
			files = (
				6A43F8D96DAFB1C3F02922DE /* ContentView.swift in Sources */,
				B34B79F148B8D67445E9A37F /* ImagePreprocessor.swift in Sources */,
				74761573AC0ED76766A5E7A9 /* ModelDataHandler.swift in Sources */,
				0A1A568F27E528CB7966D8E6 /* OfflinePlantIDApp.swift in Sources */,
				6484ED79E5DEAF85A5915269 /* PhotoPicker.swift in Sources */,
			);
			runOnlyForDeploymentPostprocessing = 0;
		};
/* End PBXSourcesBuildPhase section */

/* Begin XCBuildConfiguration section */
		0BAC46A725D8298916A71778 /* Release */ = {
			isa = XCBuildConfiguration;
			buildSettings = {
				ALWAYS_SEARCH_USER_PATHS = NO;
				ASSETCATALOG_COMPILER_APPICON_NAME = AppIcon;
				CLANG_ANALYZER_NONNULL = YES;
				CLANG_ANALYZER_NUMBER_OBJECT_CONVERSION = YES_AGGRESSIVE;
				CLANG_CXX_LANGUAGE_STANDARD = "gnu++14";
				CLANG_CXX_LIBRARY = "libc++";
				CLANG_ENABLE_MODULES = YES;
				CLANG_ENABLE_OBJC_ARC = YES;
				CLANG_ENABLE_OBJC_WEAK = YES;
				CLANG_WARN_BLOCK_CAPTURE_AUTORELEASING = YES;
				CLANG_WARN_BOOL_CONVERSION = YES;
				CLANG_WARN_COMMA = YES;
				CLANG_WARN_CONSTANT_CONVERSION = YES;
				CLANG_WARN_DEPRECATED_OBJC_IMPLEMENTATIONS = YES;
				CLANG_WARN_DIRECT_OBJC_ISA_USAGE = YES_ERROR;
				CLANG_WARN_DOCUMENTATION_COMMENTS = YES;
				CLANG_WARN_EMPTY_BODY = YES;
				CLANG_WARN_ENUM_CONVERSION = YES;
				CLANG_WARN_INFINITE_RECURSION = YES;
				CLANG_WARN_INT_CONVERSION = YES;
				CLANG_WARN_NON_LITERAL_NULL_CONVERSION = YES;
				CLANG_WARN_OBJC_IMPLICIT_RETAIN_SELF = YES;
				CLANG_WARN_OBJC_LITERAL_CONVERSION = YES;
				CLANG_WARN_OBJC_ROOT_CLASS = YES_ERROR;
				CLANG_WARN_QUOTED_INCLUDE_IN_FRAMEWORK_HEADER = YES;
				CLANG_WARN_RANGE_LOOP_ANALYSIS = YES;
				CLANG_WARN_STRICT_PROTOTYPES = YES;
				CLANG_WARN_SUSPICIOUS_MOVE = YES;
				CLANG_WARN_UNGUARDED_AVAILABILITY = YES_AGGRESSIVE;
				CLANG_WARN_UNREACHABLE_CODE = YES;
				CLANG_WARN__DUPLICATE_METHOD_MATCH = YES;
				COPY_PHASE_STRIP = NO;
				DEBUG_INFORMATION_FORMAT = "dwarf-with-dsym";
				ENABLE_NS_ASSERTIONS = NO;
				ENABLE_STRICT_OBJC_MSGSEND = YES;
				ENABLE_USER_SCRIPT_SANDBOXING = NO;
				GCC_C_LANGUAGE_STANDARD = gnu11;
				GCC_NO_COMMON_BLOCKS = YES;
				GCC_WARN_64_TO_32_BIT_CONVERSION = YES;
				GCC_WARN_ABOUT_RETURN_TYPE = YES_ERROR;
				GCC_WARN_UNDECLARED_SELECTOR = YES;
				GCC_WARN_UNINITIALIZED_AUTOS = YES_AGGRESSIVE;
				GCC_WARN_UNUSED_FUNCTION = YES;
				GCC_WARN_UNUSED_VARIABLE = YES;
				GENERATE_INFOPLIST_FILE = YES;
				INFOPLIST_KEY_UILaunchStoryboardName = LaunchScreen;
				MTL_ENABLE_DEBUG_INFO = NO;
				MTL_FAST_MATH = YES;
				PRODUCT_NAME = "$(TARGET_NAME)";
				SDKROOT = iphoneos;
				SWIFT_COMPILATION_MODE = wholemodule;
				SWIFT_OPTIMIZATION_LEVEL = "-O";
				SWIFT_VERSION = 5.0;
			};
			name = Release;
		};
		32FEDCB4BD634B445EDB73A8 /* Debug */ = {
			isa = XCBuildConfiguration;
			buildSettings = {
				ALWAYS_SEARCH_USER_PATHS = NO;
				ASSETCATALOG_COMPILER_APPICON_NAME = AppIcon;
				CLANG_ANALYZER_NONNULL = YES;
				CLANG_ANALYZER_NUMBER_OBJECT_CONVERSION = YES_AGGRESSIVE;
				CLANG_CXX_LANGUAGE_STANDARD = "gnu++14";
				CLANG_CXX_LIBRARY = "libc++";
				CLANG_ENABLE_MODULES = YES;
				CLANG_ENABLE_OBJC_ARC = YES;
				CLANG_ENABLE_OBJC_WEAK = YES;
				CLANG_WARN_BLOCK_CAPTURE_AUTORELEASING = YES;
				CLANG_WARN_BOOL_CONVERSION = YES;
				CLANG_WARN_COMMA = YES;
				CLANG_WARN_CONSTANT_CONVERSION = YES;
				CLANG_WARN_DEPRECATED_OBJC_IMPLEMENTATIONS = YES;
				CLANG_WARN_DIRECT_OBJC_ISA_USAGE = YES_ERROR;
				CLANG_WARN_DOCUMENTATION_COMMENTS = YES;
				CLANG_WARN_EMPTY_BODY = YES;
				CLANG_WARN_ENUM_CONVERSION = YES;
				CLANG_WARN_INFINITE_RECURSION = YES;
				CLANG_WARN_INT_CONVERSION = YES;
				CLANG_WARN_NON_LITERAL_NULL_CONVERSION = YES;
				CLANG_WARN_OBJC_IMPLICIT_RETAIN_SELF = YES;
				CLANG_WARN_OBJC_LITERAL_CONVERSION = YES;
				CLANG_WARN_OBJC_ROOT_CLASS = YES_ERROR;
				CLANG_WARN_QUOTED_INCLUDE_IN_FRAMEWORK_HEADER = YES;
				CLANG_WARN_RANGE_LOOP_ANALYSIS = YES;
				CLANG_WARN_STRICT_PROTOTYPES = YES;
				CLANG_WARN_SUSPICIOUS_MOVE = YES;
				CLANG_WARN_UNGUARDED_AVAILABILITY = YES_AGGRESSIVE;
				CLANG_WARN_UNREACHABLE_CODE = YES;
				CLANG_WARN__DUPLICATE_METHOD_MATCH = YES;
				COPY_PHASE_STRIP = NO;
				DEBUG_INFORMATION_FORMAT = dwarf;
				ENABLE_STRICT_OBJC_MSGSEND = YES;
				ENABLE_TESTABILITY = YES;
				ENABLE_USER_SCRIPT_SANDBOXING = NO;
				GCC_C_LANGUAGE_STANDARD = gnu11;
				GCC_DYNAMIC_NO_PIC = NO;
				GCC_NO_COMMON_BLOCKS = YES;
				GCC_OPTIMIZATION_LEVEL = 0;
				GCC_PREPROCESSOR_DEFINITIONS = (
					"$(inherited)",
					"DEBUG=1",
				);
				GCC_WARN_64_TO_32_BIT_CONVERSION = YES;
				GCC_WARN_ABOUT_RETURN_TYPE = YES_ERROR;
				GCC_WARN_UNDECLARED_SELECTOR = YES;
				GCC_WARN_UNINITIALIZED_AUTOS = YES_AGGRESSIVE;
				GCC_WARN_UNUSED_FUNCTION = YES;
				GCC_WARN_UNUSED_VARIABLE = YES;
				GENERATE_INFOPLIST_FILE = YES;
				INFOPLIST_KEY_UILaunchStoryboardName = LaunchScreen;
				MTL_ENABLE_DEBUG_INFO = INCLUDE_SOURCE;
				MTL_FAST_MATH = YES;
				ONLY_ACTIVE_ARCH = YES;
				PRODUCT_NAME = "$(TARGET_NAME)";
				SDKROOT = iphoneos;
				SWIFT_ACTIVE_COMPILATION_CONDITIONS = DEBUG;
				SWIFT_OPTIMIZATION_LEVEL = "-Onone";
				SWIFT_VERSION = 5.0;
			};
			name = Debug;
		};
		5810CB09DFC4DA2F8F556CEB /* Release */ = {
			isa = XCBuildConfiguration;
			baseConfigurationReference = 4A401108D01015D7D4F1BF85 /* Pods-Offline PlantID.release.xcconfig */;
			buildSettings = {
				ASSETCATALOG_COMPILER_APPICON_NAME = AppIcon;
				CODE_SIGN_IDENTITY = "iPhone Developer";
				IPHONEOS_DEPLOYMENT_TARGET = 15.0;
				LD_RUNPATH_SEARCH_PATHS = (
					"$(inherited)",
					"@executable_path/Frameworks",
				);
				PRODUCT_BUNDLE_IDENTIFIER = com.kqinami.OfflinePlantID;
				SDKROOT = iphoneos;
				TARGETED_DEVICE_FAMILY = "1,2";
			};
			name = Release;
		};
		7F66741EACE4A062D23ED758 /* Debug */ = {
			isa = XCBuildConfiguration;
			baseConfigurationReference = D84C8AB3EBE5B24931B4253C /* Pods-Offline PlantID.debug.xcconfig */;
			buildSettings = {
				ASSETCATALOG_COMPILER_APPICON_NAME = AppIcon;
				CODE_SIGN_IDENTITY = "iPhone Developer";
				IPHONEOS_DEPLOYMENT_TARGET = 15.0;
				LD_RUNPATH_SEARCH_PATHS = (
					"$(inherited)",
					"@executable_path/Frameworks",
				);
				PRODUCT_BUNDLE_IDENTIFIER = com.kqinami.OfflinePlantID;
				SDKROOT = iphoneos;
				TARGETED_DEVICE_FAMILY = "1,2";
			};
			name = Debug;
		};
/* End XCBuildConfiguration section */

/* Begin XCConfigurationList section */
		0396EC2C1E767F518882B644 /* Build configuration list for PBXProject "Offline PlantID" */ = {
			isa = XCConfigurationList;
			buildConfigurations = (
				32FEDCB4BD634B445EDB73A8 /* Debug */,
				0BAC46A725D8298916A71778 /* Release */,
			);
			defaultConfigurationIsVisible = 0;
			defaultConfigurationName = Debug;
		};
		F8309C33EDBC2E8B26C407F4 /* Build configuration list for PBXNativeTarget "Offline PlantID" */ = {
			isa = XCConfigurationList;
			buildConfigurations = (
				7F66741EACE4A062D23ED758 /* Debug */,
				5810CB09DFC4DA2F8F556CEB /* Release */,
			);
			defaultConfigurationIsVisible = 0;
			defaultConfigurationName = Debug;
		};
/* End XCConfigurationList section */
	};
	rootObject = 8A08D71BFE876E9A8E26EE8A /* Project object */;
}
